// !$*UTF8*$!
{
	archiveVersion = 1;
	classes = {
	};
	objectVersion = 56;
	objects = {

/* Begin PBXBuildFile section */
		7F168002295190B500B672C1 /* ExamRecommendation.swift in Sources */ = {isa = PBXBuildFile; fileRef = 7F168001295190B500B672C1 /* ExamRecommendation.swift */; };
		7F16800429519C2600B672C1 /* User.swift in Sources */ = {isa = PBXBuildFile; fileRef = 7F16800329519C2600B672C1 /* User.swift */; };
		7F1680062958440E00B672C1 /* OnboardCategoryView.swift in Sources */ = {isa = PBXBuildFile; fileRef = 7F1680052958440E00B672C1 /* OnboardCategoryView.swift */; };
		7F1680082958483900B672C1 /* Category.swift in Sources */ = {isa = PBXBuildFile; fileRef = 7F1680072958483900B672C1 /* Category.swift */; };
		7F16800A2958484000B672C1 /* Tag.swift in Sources */ = {isa = PBXBuildFile; fileRef = 7F1680092958484000B672C1 /* Tag.swift */; };
		7F16800D29584D0A00B672C1 /* Shape.swift in Sources */ = {isa = PBXBuildFile; fileRef = 7F16800C29584D0A00B672C1 /* Shape.swift */; };
		7F43F395292498EA0053852C /* HomeView.swift in Sources */ = {isa = PBXBuildFile; fileRef = 7F43F394292498EA0053852C /* HomeView.swift */; };
		7F43F398292498FF0053852C /* HomeFollowingView.swift in Sources */ = {isa = PBXBuildFile; fileRef = 7F43F397292498FF0053852C /* HomeFollowingView.swift */; };
		7F43F39B292499160053852C /* HomeRecommendView.swift in Sources */ = {isa = PBXBuildFile; fileRef = 7F43F39A292499160053852C /* HomeRecommendView.swift */; };
		7F43F3A02924F34B0053852C /* DuckExam.swift in Sources */ = {isa = PBXBuildFile; fileRef = 7F43F39F2924F34B0053852C /* DuckExam.swift */; };
		7F473ABD29597A920053EDB9 /* SwiftUIPager in Frameworks */ = {isa = PBXBuildFile; productRef = 7F473ABC29597A920053EDB9 /* SwiftUIPager */; };
		7F69A2142958688500070841 /* View.swift in Sources */ = {isa = PBXBuildFile; fileRef = 7F69A2132958688500070841 /* View.swift */; };
		7F69A21729587D6E00070841 /* Alamofire in Frameworks */ = {isa = PBXBuildFile; productRef = 7F69A21629587D6E00070841 /* Alamofire */; };
		7F69A21A29588E1C00070841 /* NetworkResult.swift in Sources */ = {isa = PBXBuildFile; fileRef = 7F69A21929588E1C00070841 /* NetworkResult.swift */; };
		7F69A21D2958935100070841 /* SwiftyJSON in Frameworks */ = {isa = PBXBuildFile; productRef = 7F69A21C2958935100070841 /* SwiftyJSON */; };
		7F69A22029589DCB00070841 /* CategoryListResponse.swift in Sources */ = {isa = PBXBuildFile; fileRef = 7F69A21F29589DCB00070841 /* CategoryListResponse.swift */; };
		7F69A2222958A64600070841 /* OnboardViewModel.swift in Sources */ = {isa = PBXBuildFile; fileRef = 7F69A2212958A64600070841 /* OnboardViewModel.swift */; };
		7F69A2242958B1E800070841 /* OnboardView.swift in Sources */ = {isa = PBXBuildFile; fileRef = 7F69A2232958B1E800070841 /* OnboardView.swift */; };
		7F7B8FC82958CD200035D642 /* OnboaradTagView.swift in Sources */ = {isa = PBXBuildFile; fileRef = 7F7B8FC72958CD200035D642 /* OnboaradTagView.swift */; };
		7F7B8FCB2959080D0035D642 /* SwiftUIFlow in Frameworks */ = {isa = PBXBuildFile; productRef = 7F7B8FCA2959080D0035D642 /* SwiftUIFlow */; };
		7F7CA12229122DE800B9D18D /* duckieApp.swift in Sources */ = {isa = PBXBuildFile; fileRef = 7F7CA12129122DE800B9D18D /* duckieApp.swift */; };
		7F7CA12429122DE800B9D18D /* ContentView.swift in Sources */ = {isa = PBXBuildFile; fileRef = 7F7CA12329122DE800B9D18D /* ContentView.swift */; };
		7F7CA12629122DEA00B9D18D /* Assets.xcassets in Resources */ = {isa = PBXBuildFile; fileRef = 7F7CA12529122DEA00B9D18D /* Assets.xcassets */; };
		7F7CA12929122DEA00B9D18D /* Preview Assets.xcassets in Resources */ = {isa = PBXBuildFile; fileRef = 7F7CA12829122DEA00B9D18D /* Preview Assets.xcassets */; };
		7F7CA13329122DEA00B9D18D /* duckieTests.swift in Sources */ = {isa = PBXBuildFile; fileRef = 7F7CA13229122DEA00B9D18D /* duckieTests.swift */; };
		7F7CA13D29122DEA00B9D18D /* duckieUITests.swift in Sources */ = {isa = PBXBuildFile; fileRef = 7F7CA13C29122DEA00B9D18D /* duckieUITests.swift */; };
		7F7CA13F29122DEA00B9D18D /* duckieUITestsLaunchTests.swift in Sources */ = {isa = PBXBuildFile; fileRef = 7F7CA13E29122DEA00B9D18D /* duckieUITestsLaunchTests.swift */; };
		7F7CA14D2912336D00B9D18D /* SplashView.swift in Sources */ = {isa = PBXBuildFile; fileRef = 7F7CA14C2912336D00B9D18D /* SplashView.swift */; };
		7F7CA1512912370D00B9D18D /* Colors.xcassets in Resources */ = {isa = PBXBuildFile; fileRef = 7F7CA1502912370D00B9D18D /* Colors.xcassets */; };
		7F7CA15729123F6C00B9D18D /* Color.swift in Sources */ = {isa = PBXBuildFile; fileRef = 7F7CA15629123F6C00B9D18D /* Color.swift */; };
		7F7CA1592912427700B9D18D /* Image.swift in Sources */ = {isa = PBXBuildFile; fileRef = 7F7CA1582912427700B9D18D /* Image.swift */; };
		7F7CA15D2912440900B9D18D /* OnboardProfileView.swift in Sources */ = {isa = PBXBuildFile; fileRef = 7F7CA15C2912440900B9D18D /* OnboardProfileView.swift */; };
		7F7CA15F2912497500B9D18D /* component.swift in Sources */ = {isa = PBXBuildFile; fileRef = 7F7CA15E2912497500B9D18D /* component.swift */; };
		7F7CA161291250E800B9D18D /* typography.swift in Sources */ = {isa = PBXBuildFile; fileRef = 7F7CA160291250E800B9D18D /* typography.swift */; };
/* End PBXBuildFile section */

/* Begin PBXContainerItemProxy section */
		7F7CA12F29122DEA00B9D18D /* PBXContainerItemProxy */ = {
			isa = PBXContainerItemProxy;
			containerPortal = 7F7CA11629122DE800B9D18D /* Project object */;
			proxyType = 1;
			remoteGlobalIDString = 7F7CA11D29122DE800B9D18D;
			remoteInfo = duckie;
		};
		7F7CA13929122DEA00B9D18D /* PBXContainerItemProxy */ = {
			isa = PBXContainerItemProxy;
			containerPortal = 7F7CA11629122DE800B9D18D /* Project object */;
			proxyType = 1;
			remoteGlobalIDString = 7F7CA11D29122DE800B9D18D;
			remoteInfo = duckie;
		};
/* End PBXContainerItemProxy section */

/* Begin PBXFileReference section */
		7F168001295190B500B672C1 /* ExamRecommendation.swift */ = {isa = PBXFileReference; lastKnownFileType = sourcecode.swift; path = ExamRecommendation.swift; sourceTree = "<group>"; };
		7F16800329519C2600B672C1 /* User.swift */ = {isa = PBXFileReference; lastKnownFileType = sourcecode.swift; path = User.swift; sourceTree = "<group>"; };
		7F1680052958440E00B672C1 /* OnboardCategoryView.swift */ = {isa = PBXFileReference; lastKnownFileType = sourcecode.swift; path = OnboardCategoryView.swift; sourceTree = "<group>"; };
		7F1680072958483900B672C1 /* Category.swift */ = {isa = PBXFileReference; lastKnownFileType = sourcecode.swift; path = Category.swift; sourceTree = "<group>"; };
		7F1680092958484000B672C1 /* Tag.swift */ = {isa = PBXFileReference; lastKnownFileType = sourcecode.swift; path = Tag.swift; sourceTree = "<group>"; };
		7F16800C29584D0A00B672C1 /* Shape.swift */ = {isa = PBXFileReference; lastKnownFileType = sourcecode.swift; path = Shape.swift; sourceTree = "<group>"; };
		7F43F394292498EA0053852C /* HomeView.swift */ = {isa = PBXFileReference; lastKnownFileType = sourcecode.swift; path = HomeView.swift; sourceTree = "<group>"; };
		7F43F397292498FF0053852C /* HomeFollowingView.swift */ = {isa = PBXFileReference; lastKnownFileType = sourcecode.swift; path = HomeFollowingView.swift; sourceTree = "<group>"; };
		7F43F39A292499160053852C /* HomeRecommendView.swift */ = {isa = PBXFileReference; lastKnownFileType = sourcecode.swift; path = HomeRecommendView.swift; sourceTree = "<group>"; };
		7F43F39F2924F34B0053852C /* DuckExam.swift */ = {isa = PBXFileReference; lastKnownFileType = sourcecode.swift; path = DuckExam.swift; sourceTree = "<group>"; };
		7F69A2132958688500070841 /* View.swift */ = {isa = PBXFileReference; lastKnownFileType = sourcecode.swift; path = View.swift; sourceTree = "<group>"; };
		7F69A21929588E1C00070841 /* NetworkResult.swift */ = {isa = PBXFileReference; lastKnownFileType = sourcecode.swift; path = NetworkResult.swift; sourceTree = "<group>"; };
		7F69A21F29589DCB00070841 /* CategoryListResponse.swift */ = {isa = PBXFileReference; lastKnownFileType = sourcecode.swift; path = CategoryListResponse.swift; sourceTree = "<group>"; };
		7F69A2212958A64600070841 /* OnboardViewModel.swift */ = {isa = PBXFileReference; lastKnownFileType = sourcecode.swift; path = OnboardViewModel.swift; sourceTree = "<group>"; };
		7F69A2232958B1E800070841 /* OnboardView.swift */ = {isa = PBXFileReference; lastKnownFileType = sourcecode.swift; path = OnboardView.swift; sourceTree = "<group>"; };
		7F7B8FC72958CD200035D642 /* OnboaradTagView.swift */ = {isa = PBXFileReference; lastKnownFileType = sourcecode.swift; path = OnboaradTagView.swift; sourceTree = "<group>"; };
		7F7CA11E29122DE800B9D18D /* duckie.app */ = {isa = PBXFileReference; explicitFileType = wrapper.application; includeInIndex = 0; path = duckie.app; sourceTree = BUILT_PRODUCTS_DIR; };
		7F7CA12129122DE800B9D18D /* duckieApp.swift */ = {isa = PBXFileReference; lastKnownFileType = sourcecode.swift; path = duckieApp.swift; sourceTree = "<group>"; };
		7F7CA12329122DE800B9D18D /* ContentView.swift */ = {isa = PBXFileReference; lastKnownFileType = sourcecode.swift; path = ContentView.swift; sourceTree = "<group>"; };
		7F7CA12529122DEA00B9D18D /* Assets.xcassets */ = {isa = PBXFileReference; lastKnownFileType = folder.assetcatalog; path = Assets.xcassets; sourceTree = "<group>"; };
		7F7CA12829122DEA00B9D18D /* Preview Assets.xcassets */ = {isa = PBXFileReference; lastKnownFileType = folder.assetcatalog; path = "Preview Assets.xcassets"; sourceTree = "<group>"; };
		7F7CA12E29122DEA00B9D18D /* duckieTests.xctest */ = {isa = PBXFileReference; explicitFileType = wrapper.cfbundle; includeInIndex = 0; path = duckieTests.xctest; sourceTree = BUILT_PRODUCTS_DIR; };
		7F7CA13229122DEA00B9D18D /* duckieTests.swift */ = {isa = PBXFileReference; lastKnownFileType = sourcecode.swift; path = duckieTests.swift; sourceTree = "<group>"; };
		7F7CA13829122DEA00B9D18D /* duckieUITests.xctest */ = {isa = PBXFileReference; explicitFileType = wrapper.cfbundle; includeInIndex = 0; path = duckieUITests.xctest; sourceTree = BUILT_PRODUCTS_DIR; };
		7F7CA13C29122DEA00B9D18D /* duckieUITests.swift */ = {isa = PBXFileReference; lastKnownFileType = sourcecode.swift; path = duckieUITests.swift; sourceTree = "<group>"; };
		7F7CA13E29122DEA00B9D18D /* duckieUITestsLaunchTests.swift */ = {isa = PBXFileReference; lastKnownFileType = sourcecode.swift; path = duckieUITestsLaunchTests.swift; sourceTree = "<group>"; };
		7F7CA14C2912336D00B9D18D /* SplashView.swift */ = {isa = PBXFileReference; lastKnownFileType = sourcecode.swift; path = SplashView.swift; sourceTree = "<group>"; };
		7F7CA1502912370D00B9D18D /* Colors.xcassets */ = {isa = PBXFileReference; lastKnownFileType = folder.assetcatalog; path = Colors.xcassets; sourceTree = "<group>"; };
		7F7CA15629123F6C00B9D18D /* Color.swift */ = {isa = PBXFileReference; lastKnownFileType = sourcecode.swift; path = Color.swift; sourceTree = "<group>"; };
		7F7CA1582912427700B9D18D /* Image.swift */ = {isa = PBXFileReference; lastKnownFileType = sourcecode.swift; path = Image.swift; sourceTree = "<group>"; };
		7F7CA15C2912440900B9D18D /* OnboardProfileView.swift */ = {isa = PBXFileReference; lastKnownFileType = sourcecode.swift; path = OnboardProfileView.swift; sourceTree = "<group>"; };
		7F7CA15E2912497500B9D18D /* component.swift */ = {isa = PBXFileReference; lastKnownFileType = sourcecode.swift; path = component.swift; sourceTree = "<group>"; };
		7F7CA160291250E800B9D18D /* typography.swift */ = {isa = PBXFileReference; lastKnownFileType = sourcecode.swift; path = typography.swift; sourceTree = "<group>"; };
/* End PBXFileReference section */

/* Begin PBXFrameworksBuildPhase section */
		7F7CA11B29122DE800B9D18D /* Frameworks */ = {
			isa = PBXFrameworksBuildPhase;
			buildActionMask = 2147483647;
			files = (
				7F69A21D2958935100070841 /* SwiftyJSON in Frameworks */,
				7F7B8FCB2959080D0035D642 /* SwiftUIFlow in Frameworks */,
				7F473ABD29597A920053EDB9 /* SwiftUIPager in Frameworks */,
				7F69A21729587D6E00070841 /* Alamofire in Frameworks */,
			);
			runOnlyForDeploymentPostprocessing = 0;
		};
		7F7CA12B29122DEA00B9D18D /* Frameworks */ = {
			isa = PBXFrameworksBuildPhase;
			buildActionMask = 2147483647;
			files = (
			);
			runOnlyForDeploymentPostprocessing = 0;
		};
		7F7CA13529122DEA00B9D18D /* Frameworks */ = {
			isa = PBXFrameworksBuildPhase;
			buildActionMask = 2147483647;
			files = (
			);
			runOnlyForDeploymentPostprocessing = 0;
		};
/* End PBXFrameworksBuildPhase section */

/* Begin PBXGroup section */
		7F43F393292498D20053852C /* home */ = {
			isa = PBXGroup;
			children = (
				7F43F399292499090053852C /* recommend */,
				7F43F396292498F10053852C /* following */,
				7F43F394292498EA0053852C /* HomeView.swift */,
			);
			path = home;
			sourceTree = "<group>";
		};
		7F43F396292498F10053852C /* following */ = {
			isa = PBXGroup;
			children = (
				7F43F397292498FF0053852C /* HomeFollowingView.swift */,
			);
			path = following;
			sourceTree = "<group>";
		};
		7F43F399292499090053852C /* recommend */ = {
			isa = PBXGroup;
			children = (
				7F43F39A292499160053852C /* HomeRecommendView.swift */,
			);
			path = recommend;
			sourceTree = "<group>";
		};
		7F43F39C2924F3270053852C /* data */ = {
			isa = PBXGroup;
			children = (
				7F69A21E29589DBF00070841 /* dto */,
				7F69A21829588D9500070841 /* network */,
			);
			path = data;
			sourceTree = "<group>";
		};
		7F43F39D2924F32F0053852C /* domain */ = {
			isa = PBXGroup;
			children = (
				7F43F39E2924F3350053852C /* entity */,
			);
			path = domain;
			sourceTree = "<group>";
		};
		7F43F39E2924F3350053852C /* entity */ = {
			isa = PBXGroup;
			children = (
				7F43F39F2924F34B0053852C /* DuckExam.swift */,
				7F168001295190B500B672C1 /* ExamRecommendation.swift */,
				7F16800329519C2600B672C1 /* User.swift */,
				7F1680072958483900B672C1 /* Category.swift */,
				7F1680092958484000B672C1 /* Tag.swift */,
			);
			path = entity;
			sourceTree = "<group>";
		};
		7F69A21829588D9500070841 /* network */ = {
			isa = PBXGroup;
			children = (
				7F69A21929588E1C00070841 /* NetworkResult.swift */,
			);
			path = network;
			sourceTree = "<group>";
		};
		7F69A21E29589DBF00070841 /* dto */ = {
			isa = PBXGroup;
			children = (
				7F69A21F29589DCB00070841 /* CategoryListResponse.swift */,
			);
			path = dto;
			sourceTree = "<group>";
		};
		7F7CA11529122DE800B9D18D = {
			isa = PBXGroup;
			children = (
				7F7CA1502912370D00B9D18D /* Colors.xcassets */,
				7F7CA12029122DE800B9D18D /* duckie */,
				7F7CA13129122DEA00B9D18D /* duckieTests */,
				7F7CA13B29122DEA00B9D18D /* duckieUITests */,
				7F7CA11F29122DE800B9D18D /* Products */,
			);
			sourceTree = "<group>";
		};
		7F7CA11F29122DE800B9D18D /* Products */ = {
			isa = PBXGroup;
			children = (
				7F7CA11E29122DE800B9D18D /* duckie.app */,
				7F7CA12E29122DEA00B9D18D /* duckieTests.xctest */,
				7F7CA13829122DEA00B9D18D /* duckieUITests.xctest */,
			);
			name = Products;
			sourceTree = "<group>";
		};
		7F7CA12029122DE800B9D18D /* duckie */ = {
			isa = PBXGroup;
			children = (
				7F43F39D2924F32F0053852C /* domain */,
				7F43F39C2924F3270053852C /* data */,
				7F7CA15529123F5C00B9D18D /* extension */,
				7F7CA1522912382C00B9D18D /* util */,
				7F7CA14B2912335900B9D18D /* ui */,
				7F7CA12129122DE800B9D18D /* duckieApp.swift */,
				7F7CA12329122DE800B9D18D /* ContentView.swift */,
				7F7CA12529122DEA00B9D18D /* Assets.xcassets */,
				7F7CA12729122DEA00B9D18D /* Preview Content */,
			);
			path = duckie;
			sourceTree = "<group>";
		};
		7F7CA12729122DEA00B9D18D /* Preview Content */ = {
			isa = PBXGroup;
			children = (
				7F7CA12829122DEA00B9D18D /* Preview Assets.xcassets */,
			);
			path = "Preview Content";
			sourceTree = "<group>";
		};
		7F7CA13129122DEA00B9D18D /* duckieTests */ = {
			isa = PBXGroup;
			children = (
				7F7CA13229122DEA00B9D18D /* duckieTests.swift */,
			);
			path = duckieTests;
			sourceTree = "<group>";
		};
		7F7CA13B29122DEA00B9D18D /* duckieUITests */ = {
			isa = PBXGroup;
			children = (
				7F7CA13C29122DEA00B9D18D /* duckieUITests.swift */,
				7F7CA13E29122DEA00B9D18D /* duckieUITestsLaunchTests.swift */,
			);
			path = duckieUITests;
			sourceTree = "<group>";
		};
		7F7CA14B2912335900B9D18D /* ui */ = {
			isa = PBXGroup;
			children = (
				7F43F393292498D20053852C /* home */,
				7F7CA15B291243B600B9D18D /* onboard */,
				7F7CA15A2912438A00B9D18D /* splash */,
				7F7CA15E2912497500B9D18D /* component.swift */,
				7F7CA160291250E800B9D18D /* typography.swift */,
			);
			path = ui;
			sourceTree = "<group>";
		};
		7F7CA1522912382C00B9D18D /* util */ = {
			isa = PBXGroup;
			children = (
			);
			path = util;
			sourceTree = "<group>";
		};
		7F7CA15529123F5C00B9D18D /* extension */ = {
			isa = PBXGroup;
			children = (
				7F7CA15629123F6C00B9D18D /* Color.swift */,
				7F7CA1582912427700B9D18D /* Image.swift */,
				7F16800C29584D0A00B672C1 /* Shape.swift */,
				7F69A2132958688500070841 /* View.swift */,
			);
			path = extension;
			sourceTree = "<group>";
		};
		7F7CA15A2912438A00B9D18D /* splash */ = {
			isa = PBXGroup;
			children = (
				7F7CA14C2912336D00B9D18D /* SplashView.swift */,
			);
			path = splash;
			sourceTree = "<group>";
		};
		7F7CA15B291243B600B9D18D /* onboard */ = {
			isa = PBXGroup;
			children = (
				7F7CA15C2912440900B9D18D /* OnboardProfileView.swift */,
				7F1680052958440E00B672C1 /* OnboardCategoryView.swift */,
				7F69A2212958A64600070841 /* OnboardViewModel.swift */,
				7F69A2232958B1E800070841 /* OnboardView.swift */,
				7F7B8FC72958CD200035D642 /* OnboaradTagView.swift */,
			);
			path = onboard;
			sourceTree = "<group>";
		};
/* End PBXGroup section */

/* Begin PBXNativeTarget section */
		7F7CA11D29122DE800B9D18D /* duckie */ = {
			isa = PBXNativeTarget;
			buildConfigurationList = 7F7CA14229122DEA00B9D18D /* Build configuration list for PBXNativeTarget "duckie" */;
			buildPhases = (
				7F7CA11A29122DE800B9D18D /* Sources */,
				7F7CA11B29122DE800B9D18D /* Frameworks */,
				7F7CA11C29122DE800B9D18D /* Resources */,
			);
			buildRules = (
			);
			dependencies = (
			);
			name = duckie;
			packageProductDependencies = (
				7F69A21629587D6E00070841 /* Alamofire */,
				7F69A21C2958935100070841 /* SwiftyJSON */,
				7F7B8FCA2959080D0035D642 /* SwiftUIFlow */,
				7F473ABC29597A920053EDB9 /* SwiftUIPager */,
			);
			productName = duckie;
			productReference = 7F7CA11E29122DE800B9D18D /* duckie.app */;
			productType = "com.apple.product-type.application";
		};
		7F7CA12D29122DEA00B9D18D /* duckieTests */ = {
			isa = PBXNativeTarget;
			buildConfigurationList = 7F7CA14529122DEA00B9D18D /* Build configuration list for PBXNativeTarget "duckieTests" */;
			buildPhases = (
				7F7CA12A29122DEA00B9D18D /* Sources */,
				7F7CA12B29122DEA00B9D18D /* Frameworks */,
				7F7CA12C29122DEA00B9D18D /* Resources */,
			);
			buildRules = (
			);
			dependencies = (
				7F7CA13029122DEA00B9D18D /* PBXTargetDependency */,
			);
			name = duckieTests;
			productName = duckieTests;
			productReference = 7F7CA12E29122DEA00B9D18D /* duckieTests.xctest */;
			productType = "com.apple.product-type.bundle.unit-test";
		};
		7F7CA13729122DEA00B9D18D /* duckieUITests */ = {
			isa = PBXNativeTarget;
			buildConfigurationList = 7F7CA14829122DEA00B9D18D /* Build configuration list for PBXNativeTarget "duckieUITests" */;
			buildPhases = (
				7F7CA13429122DEA00B9D18D /* Sources */,
				7F7CA13529122DEA00B9D18D /* Frameworks */,
				7F7CA13629122DEA00B9D18D /* Resources */,
			);
			buildRules = (
			);
			dependencies = (
				7F7CA13A29122DEA00B9D18D /* PBXTargetDependency */,
			);
			name = duckieUITests;
			productName = duckieUITests;
			productReference = 7F7CA13829122DEA00B9D18D /* duckieUITests.xctest */;
			productType = "com.apple.product-type.bundle.ui-testing";
		};
/* End PBXNativeTarget section */

/* Begin PBXProject section */
		7F7CA11629122DE800B9D18D /* Project object */ = {
			isa = PBXProject;
			attributes = {
				BuildIndependentTargetsInParallel = 1;
				LastSwiftUpdateCheck = 1410;
				LastUpgradeCheck = 1410;
				TargetAttributes = {
					7F7CA11D29122DE800B9D18D = {
						CreatedOnToolsVersion = 14.1;
					};
					7F7CA12D29122DEA00B9D18D = {
						CreatedOnToolsVersion = 14.1;
						TestTargetID = 7F7CA11D29122DE800B9D18D;
					};
					7F7CA13729122DEA00B9D18D = {
						CreatedOnToolsVersion = 14.1;
						TestTargetID = 7F7CA11D29122DE800B9D18D;
					};
				};
			};
			buildConfigurationList = 7F7CA11929122DE800B9D18D /* Build configuration list for PBXProject "duckie" */;
			compatibilityVersion = "Xcode 14.0";
			developmentRegion = en;
			hasScannedForEncodings = 0;
			knownRegions = (
				en,
				Base,
			);
			mainGroup = 7F7CA11529122DE800B9D18D;
			packageReferences = (
				7F69A21529587D6E00070841 /* XCRemoteSwiftPackageReference "Alamofire" */,
				7F69A21B2958935100070841 /* XCRemoteSwiftPackageReference "SwiftyJSON" */,
				7F7B8FC92959080D0035D642 /* XCRemoteSwiftPackageReference "SwiftUIFlow" */,
				7F473ABB29597A920053EDB9 /* XCRemoteSwiftPackageReference "SwiftUIPager" */,
			);
			productRefGroup = 7F7CA11F29122DE800B9D18D /* Products */;
			projectDirPath = "";
			projectRoot = "";
			targets = (
				7F7CA11D29122DE800B9D18D /* duckie */,
				7F7CA12D29122DEA00B9D18D /* duckieTests */,
				7F7CA13729122DEA00B9D18D /* duckieUITests */,
			);
		};
/* End PBXProject section */

/* Begin PBXResourcesBuildPhase section */
		7F7CA11C29122DE800B9D18D /* Resources */ = {
			isa = PBXResourcesBuildPhase;
			buildActionMask = 2147483647;
			files = (
				7F7CA1512912370D00B9D18D /* Colors.xcassets in Resources */,
				7F7CA12929122DEA00B9D18D /* Preview Assets.xcassets in Resources */,
				7F7CA12629122DEA00B9D18D /* Assets.xcassets in Resources */,
			);
			runOnlyForDeploymentPostprocessing = 0;
		};
		7F7CA12C29122DEA00B9D18D /* Resources */ = {
			isa = PBXResourcesBuildPhase;
			buildActionMask = 2147483647;
			files = (
			);
			runOnlyForDeploymentPostprocessing = 0;
		};
		7F7CA13629122DEA00B9D18D /* Resources */ = {
			isa = PBXResourcesBuildPhase;
			buildActionMask = 2147483647;
			files = (
			);
			runOnlyForDeploymentPostprocessing = 0;
		};
/* End PBXResourcesBuildPhase section */

/* Begin PBXSourcesBuildPhase section */
		7F7CA11A29122DE800B9D18D /* Sources */ = {
			isa = PBXSourcesBuildPhase;
			buildActionMask = 2147483647;
			files = (
				7F16800A2958484000B672C1 /* Tag.swift in Sources */,
				7F1680062958440E00B672C1 /* OnboardCategoryView.swift in Sources */,
				7F43F395292498EA0053852C /* HomeView.swift in Sources */,
				7F7CA15F2912497500B9D18D /* component.swift in Sources */,
				7F7CA12429122DE800B9D18D /* ContentView.swift in Sources */,
				7F43F3A02924F34B0053852C /* DuckExam.swift in Sources */,
				7F69A2142958688500070841 /* View.swift in Sources */,
				7F7CA161291250E800B9D18D /* typography.swift in Sources */,
				7F7CA15729123F6C00B9D18D /* Color.swift in Sources */,
				7F1680082958483900B672C1 /* Category.swift in Sources */,
				7F69A2222958A64600070841 /* OnboardViewModel.swift in Sources */,
				7F16800429519C2600B672C1 /* User.swift in Sources */,
				7F69A21A29588E1C00070841 /* NetworkResult.swift in Sources */,
				7F7CA15D2912440900B9D18D /* OnboardProfileView.swift in Sources */,
				7F43F39B292499160053852C /* HomeRecommendView.swift in Sources */,
				7F7CA12229122DE800B9D18D /* duckieApp.swift in Sources */,
				7F16800D29584D0A00B672C1 /* Shape.swift in Sources */,
				7F43F398292498FF0053852C /* HomeFollowingView.swift in Sources */,
				7F168002295190B500B672C1 /* ExamRecommendation.swift in Sources */,
				7F69A2242958B1E800070841 /* OnboardView.swift in Sources */,
				7F7CA14D2912336D00B9D18D /* SplashView.swift in Sources */,
				7F7B8FC82958CD200035D642 /* OnboaradTagView.swift in Sources */,
				7F7CA1592912427700B9D18D /* Image.swift in Sources */,
				7F69A22029589DCB00070841 /* CategoryListResponse.swift in Sources */,
			);
			runOnlyForDeploymentPostprocessing = 0;
		};
		7F7CA12A29122DEA00B9D18D /* Sources */ = {
			isa = PBXSourcesBuildPhase;
			buildActionMask = 2147483647;
			files = (
				7F7CA13329122DEA00B9D18D /* duckieTests.swift in Sources */,
			);
			runOnlyForDeploymentPostprocessing = 0;
		};
		7F7CA13429122DEA00B9D18D /* Sources */ = {
			isa = PBXSourcesBuildPhase;
			buildActionMask = 2147483647;
			files = (
				7F7CA13D29122DEA00B9D18D /* duckieUITests.swift in Sources */,
				7F7CA13F29122DEA00B9D18D /* duckieUITestsLaunchTests.swift in Sources */,
			);
			runOnlyForDeploymentPostprocessing = 0;
		};
/* End PBXSourcesBuildPhase section */

/* Begin PBXTargetDependency section */
		7F7CA13029122DEA00B9D18D /* PBXTargetDependency */ = {
			isa = PBXTargetDependency;
			target = 7F7CA11D29122DE800B9D18D /* duckie */;
			targetProxy = 7F7CA12F29122DEA00B9D18D /* PBXContainerItemProxy */;
		};
		7F7CA13A29122DEA00B9D18D /* PBXTargetDependency */ = {
			isa = PBXTargetDependency;
			target = 7F7CA11D29122DE800B9D18D /* duckie */;
			targetProxy = 7F7CA13929122DEA00B9D18D /* PBXContainerItemProxy */;
		};
/* End PBXTargetDependency section */

/* Begin XCBuildConfiguration section */
		7F7CA14029122DEA00B9D18D /* Debug */ = {
			isa = XCBuildConfiguration;
			buildSettings = {
				ALWAYS_SEARCH_USER_PATHS = NO;
				CLANG_ANALYZER_NONNULL = YES;
				CLANG_ANALYZER_NUMBER_OBJECT_CONVERSION = YES_AGGRESSIVE;
				CLANG_CXX_LANGUAGE_STANDARD = "gnu++20";
				CLANG_ENABLE_MODULES = YES;
				CLANG_ENABLE_OBJC_ARC = YES;
				CLANG_ENABLE_OBJC_WEAK = YES;
				CLANG_WARN_BLOCK_CAPTURE_AUTORELEASING = YES;
				CLANG_WARN_BOOL_CONVERSION = YES;
				CLANG_WARN_COMMA = YES;
				CLANG_WARN_CONSTANT_CONVERSION = YES;
				CLANG_WARN_DEPRECATED_OBJC_IMPLEMENTATIONS = YES;
				CLANG_WARN_DIRECT_OBJC_ISA_USAGE = YES_ERROR;
				CLANG_WARN_DOCUMENTATION_COMMENTS = YES;
				CLANG_WARN_EMPTY_BODY = YES;
				CLANG_WARN_ENUM_CONVERSION = YES;
				CLANG_WARN_INFINITE_RECURSION = YES;
				CLANG_WARN_INT_CONVERSION = YES;
				CLANG_WARN_NON_LITERAL_NULL_CONVERSION = YES;
				CLANG_WARN_OBJC_IMPLICIT_RETAIN_SELF = YES;
				CLANG_WARN_OBJC_LITERAL_CONVERSION = YES;
				CLANG_WARN_OBJC_ROOT_CLASS = YES_ERROR;
				CLANG_WARN_QUOTED_INCLUDE_IN_FRAMEWORK_HEADER = YES;
				CLANG_WARN_RANGE_LOOP_ANALYSIS = YES;
				CLANG_WARN_STRICT_PROTOTYPES = YES;
				CLANG_WARN_SUSPICIOUS_MOVE = YES;
				CLANG_WARN_UNGUARDED_AVAILABILITY = YES_AGGRESSIVE;
				CLANG_WARN_UNREACHABLE_CODE = YES;
				CLANG_WARN__DUPLICATE_METHOD_MATCH = YES;
				COPY_PHASE_STRIP = NO;
				DEBUG_INFORMATION_FORMAT = dwarf;
				ENABLE_STRICT_OBJC_MSGSEND = YES;
				ENABLE_TESTABILITY = YES;
				GCC_C_LANGUAGE_STANDARD = gnu11;
				GCC_DYNAMIC_NO_PIC = NO;
				GCC_NO_COMMON_BLOCKS = YES;
				GCC_OPTIMIZATION_LEVEL = 0;
				GCC_PREPROCESSOR_DEFINITIONS = (
					"DEBUG=1",
					"$(inherited)",
				);
				GCC_WARN_64_TO_32_BIT_CONVERSION = YES;
				GCC_WARN_ABOUT_RETURN_TYPE = YES_ERROR;
				GCC_WARN_UNDECLARED_SELECTOR = YES;
				GCC_WARN_UNINITIALIZED_AUTOS = YES_AGGRESSIVE;
				GCC_WARN_UNUSED_FUNCTION = YES;
				GCC_WARN_UNUSED_VARIABLE = YES;
				IPHONEOS_DEPLOYMENT_TARGET = 16.1;
				MTL_ENABLE_DEBUG_INFO = INCLUDE_SOURCE;
				MTL_FAST_MATH = YES;
				ONLY_ACTIVE_ARCH = YES;
				SDKROOT = iphoneos;
				SWIFT_ACTIVE_COMPILATION_CONDITIONS = DEBUG;
				SWIFT_OPTIMIZATION_LEVEL = "-Onone";
			};
			name = Debug;
		};
		7F7CA14129122DEA00B9D18D /* Release */ = {
			isa = XCBuildConfiguration;
			buildSettings = {
				ALWAYS_SEARCH_USER_PATHS = NO;
				CLANG_ANALYZER_NONNULL = YES;
				CLANG_ANALYZER_NUMBER_OBJECT_CONVERSION = YES_AGGRESSIVE;
				CLANG_CXX_LANGUAGE_STANDARD = "gnu++20";
				CLANG_ENABLE_MODULES = YES;
				CLANG_ENABLE_OBJC_ARC = YES;
				CLANG_ENABLE_OBJC_WEAK = YES;
				CLANG_WARN_BLOCK_CAPTURE_AUTORELEASING = YES;
				CLANG_WARN_BOOL_CONVERSION = YES;
				CLANG_WARN_COMMA = YES;
				CLANG_WARN_CONSTANT_CONVERSION = YES;
				CLANG_WARN_DEPRECATED_OBJC_IMPLEMENTATIONS = YES;
				CLANG_WARN_DIRECT_OBJC_ISA_USAGE = YES_ERROR;
				CLANG_WARN_DOCUMENTATION_COMMENTS = YES;
				CLANG_WARN_EMPTY_BODY = YES;
				CLANG_WARN_ENUM_CONVERSION = YES;
				CLANG_WARN_INFINITE_RECURSION = YES;
				CLANG_WARN_INT_CONVERSION = YES;
				CLANG_WARN_NON_LITERAL_NULL_CONVERSION = YES;
				CLANG_WARN_OBJC_IMPLICIT_RETAIN_SELF = YES;
				CLANG_WARN_OBJC_LITERAL_CONVERSION = YES;
				CLANG_WARN_OBJC_ROOT_CLASS = YES_ERROR;
				CLANG_WARN_QUOTED_INCLUDE_IN_FRAMEWORK_HEADER = YES;
				CLANG_WARN_RANGE_LOOP_ANALYSIS = YES;
				CLANG_WARN_STRICT_PROTOTYPES = YES;
				CLANG_WARN_SUSPICIOUS_MOVE = YES;
				CLANG_WARN_UNGUARDED_AVAILABILITY = YES_AGGRESSIVE;
				CLANG_WARN_UNREACHABLE_CODE = YES;
				CLANG_WARN__DUPLICATE_METHOD_MATCH = YES;
				COPY_PHASE_STRIP = NO;
				DEBUG_INFORMATION_FORMAT = "dwarf-with-dsym";
				ENABLE_NS_ASSERTIONS = NO;
				ENABLE_STRICT_OBJC_MSGSEND = YES;
				GCC_C_LANGUAGE_STANDARD = gnu11;
				GCC_NO_COMMON_BLOCKS = YES;
				GCC_WARN_64_TO_32_BIT_CONVERSION = YES;
				GCC_WARN_ABOUT_RETURN_TYPE = YES_ERROR;
				GCC_WARN_UNDECLARED_SELECTOR = YES;
				GCC_WARN_UNINITIALIZED_AUTOS = YES_AGGRESSIVE;
				GCC_WARN_UNUSED_FUNCTION = YES;
				GCC_WARN_UNUSED_VARIABLE = YES;
				IPHONEOS_DEPLOYMENT_TARGET = 16.1;
				MTL_ENABLE_DEBUG_INFO = NO;
				MTL_FAST_MATH = YES;
				SDKROOT = iphoneos;
				SWIFT_COMPILATION_MODE = wholemodule;
				SWIFT_OPTIMIZATION_LEVEL = "-O";
				VALIDATE_PRODUCT = YES;
			};
			name = Release;
		};
		7F7CA14329122DEA00B9D18D /* Debug */ = {
			isa = XCBuildConfiguration;
			buildSettings = {
				ASSETCATALOG_COMPILER_APPICON_NAME = AppIcon;
				ASSETCATALOG_COMPILER_GLOBAL_ACCENT_COLOR_NAME = AccentColor;
				CODE_SIGN_STYLE = Automatic;
				CURRENT_PROJECT_VERSION = 1;
				DEVELOPMENT_ASSET_PATHS = "\"duckie/Preview Content\"";
				DEVELOPMENT_TEAM = NP3DCVXSX3;
				ENABLE_PREVIEWS = YES;
				GENERATE_INFOPLIST_FILE = YES;
				INFOPLIST_FILE = duckie/Info.plist;
				INFOPLIST_KEY_UIApplicationSupportsIndirectInputEvents = YES;
				INFOPLIST_KEY_UILaunchScreen_Generation = YES;
				INFOPLIST_KEY_UISupportedInterfaceOrientations_iPad = "UIInterfaceOrientationPortrait UIInterfaceOrientationPortraitUpsideDown UIInterfaceOrientationLandscapeLeft UIInterfaceOrientationLandscapeRight";
				INFOPLIST_KEY_UISupportedInterfaceOrientations_iPhone = "UIInterfaceOrientationPortrait UIInterfaceOrientationLandscapeLeft UIInterfaceOrientationLandscapeRight";
				LD_RUNPATH_SEARCH_PATHS = (
					"$(inherited)",
					"@executable_path/Frameworks",
				);
				MARKETING_VERSION = 1.0;
				PRODUCT_BUNDLE_IDENTIFIER = com.duckhoo.duckie;
				PRODUCT_NAME = "$(TARGET_NAME)";
				SWIFT_EMIT_LOC_STRINGS = YES;
				SWIFT_VERSION = 5.0;
				TARGETED_DEVICE_FAMILY = "1,2";
			};
			name = Debug;
		};
		7F7CA14429122DEA00B9D18D /* Release */ = {
			isa = XCBuildConfiguration;
			buildSettings = {
				ASSETCATALOG_COMPILER_APPICON_NAME = AppIcon;
				ASSETCATALOG_COMPILER_GLOBAL_ACCENT_COLOR_NAME = AccentColor;
				CODE_SIGN_STYLE = Automatic;
				CURRENT_PROJECT_VERSION = 1;
				DEVELOPMENT_ASSET_PATHS = "\"duckie/Preview Content\"";
				DEVELOPMENT_TEAM = NP3DCVXSX3;
				ENABLE_PREVIEWS = YES;
				GENERATE_INFOPLIST_FILE = YES;
				INFOPLIST_FILE = duckie/Info.plist;
				INFOPLIST_KEY_UIApplicationSupportsIndirectInputEvents = YES;
				INFOPLIST_KEY_UILaunchScreen_Generation = YES;
				INFOPLIST_KEY_UISupportedInterfaceOrientations_iPad = "UIInterfaceOrientationPortrait UIInterfaceOrientationPortraitUpsideDown UIInterfaceOrientationLandscapeLeft UIInterfaceOrientationLandscapeRight";
				INFOPLIST_KEY_UISupportedInterfaceOrientations_iPhone = "UIInterfaceOrientationPortrait UIInterfaceOrientationLandscapeLeft UIInterfaceOrientationLandscapeRight";
				LD_RUNPATH_SEARCH_PATHS = (
					"$(inherited)",
					"@executable_path/Frameworks",
				);
				MARKETING_VERSION = 1.0;
				PRODUCT_BUNDLE_IDENTIFIER = com.duckhoo.duckie;
				PRODUCT_NAME = "$(TARGET_NAME)";
				SWIFT_EMIT_LOC_STRINGS = YES;
				SWIFT_VERSION = 5.0;
				TARGETED_DEVICE_FAMILY = "1,2";
			};
			name = Release;
		};
		7F7CA14629122DEA00B9D18D /* Debug */ = {
			isa = XCBuildConfiguration;
			buildSettings = {
				ALWAYS_EMBED_SWIFT_STANDARD_LIBRARIES = YES;
				BUNDLE_LOADER = "$(TEST_HOST)";
				CODE_SIGN_STYLE = Automatic;
				CURRENT_PROJECT_VERSION = 1;
				GENERATE_INFOPLIST_FILE = YES;
				IPHONEOS_DEPLOYMENT_TARGET = 16.1;
				MARKETING_VERSION = 1.0;
				PRODUCT_BUNDLE_IDENTIFIER = com.duckhoo.duckieTests;
				PRODUCT_NAME = "$(TARGET_NAME)";
				SWIFT_EMIT_LOC_STRINGS = NO;
				SWIFT_VERSION = 5.0;
				TARGETED_DEVICE_FAMILY = "1,2";
				TEST_HOST = "$(BUILT_PRODUCTS_DIR)/duckie.app/$(BUNDLE_EXECUTABLE_FOLDER_PATH)/duckie";
			};
			name = Debug;
		};
		7F7CA14729122DEA00B9D18D /* Release */ = {
			isa = XCBuildConfiguration;
			buildSettings = {
				ALWAYS_EMBED_SWIFT_STANDARD_LIBRARIES = YES;
				BUNDLE_LOADER = "$(TEST_HOST)";
				CODE_SIGN_STYLE = Automatic;
				CURRENT_PROJECT_VERSION = 1;
				GENERATE_INFOPLIST_FILE = YES;
				IPHONEOS_DEPLOYMENT_TARGET = 16.1;
				MARKETING_VERSION = 1.0;
				PRODUCT_BUNDLE_IDENTIFIER = com.duckhoo.duckieTests;
				PRODUCT_NAME = "$(TARGET_NAME)";
				SWIFT_EMIT_LOC_STRINGS = NO;
				SWIFT_VERSION = 5.0;
				TARGETED_DEVICE_FAMILY = "1,2";
				TEST_HOST = "$(BUILT_PRODUCTS_DIR)/duckie.app/$(BUNDLE_EXECUTABLE_FOLDER_PATH)/duckie";
			};
			name = Release;
		};
		7F7CA14929122DEA00B9D18D /* Debug */ = {
			isa = XCBuildConfiguration;
			buildSettings = {
				ALWAYS_EMBED_SWIFT_STANDARD_LIBRARIES = YES;
				CODE_SIGN_STYLE = Automatic;
				CURRENT_PROJECT_VERSION = 1;
				GENERATE_INFOPLIST_FILE = YES;
				MARKETING_VERSION = 1.0;
				PRODUCT_BUNDLE_IDENTIFIER = com.duckhoo.duckieUITests;
				PRODUCT_NAME = "$(TARGET_NAME)";
				SWIFT_EMIT_LOC_STRINGS = NO;
				SWIFT_VERSION = 5.0;
				TARGETED_DEVICE_FAMILY = "1,2";
				TEST_TARGET_NAME = duckie;
			};
			name = Debug;
		};
		7F7CA14A29122DEA00B9D18D /* Release */ = {
			isa = XCBuildConfiguration;
			buildSettings = {
				ALWAYS_EMBED_SWIFT_STANDARD_LIBRARIES = YES;
				CODE_SIGN_STYLE = Automatic;
				CURRENT_PROJECT_VERSION = 1;
				GENERATE_INFOPLIST_FILE = YES;
				MARKETING_VERSION = 1.0;
				PRODUCT_BUNDLE_IDENTIFIER = com.duckhoo.duckieUITests;
				PRODUCT_NAME = "$(TARGET_NAME)";
				SWIFT_EMIT_LOC_STRINGS = NO;
				SWIFT_VERSION = 5.0;
				TARGETED_DEVICE_FAMILY = "1,2";
				TEST_TARGET_NAME = duckie;
			};
			name = Release;
		};
/* End XCBuildConfiguration section */

/* Begin XCConfigurationList section */
		7F7CA11929122DE800B9D18D /* Build configuration list for PBXProject "duckie" */ = {
			isa = XCConfigurationList;
			buildConfigurations = (
				7F7CA14029122DEA00B9D18D /* Debug */,
				7F7CA14129122DEA00B9D18D /* Release */,
			);
			defaultConfigurationIsVisible = 0;
			defaultConfigurationName = Release;
		};
		7F7CA14229122DEA00B9D18D /* Build configuration list for PBXNativeTarget "duckie" */ = {
			isa = XCConfigurationList;
			buildConfigurations = (
				7F7CA14329122DEA00B9D18D /* Debug */,
				7F7CA14429122DEA00B9D18D /* Release */,
			);
			defaultConfigurationIsVisible = 0;
			defaultConfigurationName = Release;
		};
		7F7CA14529122DEA00B9D18D /* Build configuration list for PBXNativeTarget "duckieTests" */ = {
			isa = XCConfigurationList;
			buildConfigurations = (
				7F7CA14629122DEA00B9D18D /* Debug */,
				7F7CA14729122DEA00B9D18D /* Release */,
			);
			defaultConfigurationIsVisible = 0;
			defaultConfigurationName = Release;
		};
		7F7CA14829122DEA00B9D18D /* Build configuration list for PBXNativeTarget "duckieUITests" */ = {
			isa = XCConfigurationList;
			buildConfigurations = (
				7F7CA14929122DEA00B9D18D /* Debug */,
				7F7CA14A29122DEA00B9D18D /* Release */,
			);
			defaultConfigurationIsVisible = 0;
			defaultConfigurationName = Release;
		};
/* End XCConfigurationList section */

/* Begin XCRemoteSwiftPackageReference section */
		7F473ABB29597A920053EDB9 /* XCRemoteSwiftPackageReference "SwiftUIPager" */ = {
			isa = XCRemoteSwiftPackageReference;
			repositoryURL = "https://github.com/fermoya/SwiftUIPager";
			requirement = {
				kind = upToNextMajorVersion;
				minimumVersion = 2.0.0;
			};
		};
		7F69A21529587D6E00070841 /* XCRemoteSwiftPackageReference "Alamofire" */ = {
			isa = XCRemoteSwiftPackageReference;
			repositoryURL = "https://github.com/Alamofire/Alamofire";
			requirement = {
				kind = upToNextMajorVersion;
				minimumVersion = 5.0.0;
			};
		};
		7F69A21B2958935100070841 /* XCRemoteSwiftPackageReference "SwiftyJSON" */ = {
			isa = XCRemoteSwiftPackageReference;
			repositoryURL = "https://github.com/SwiftyJSON/SwiftyJSON";
			requirement = {
				kind = upToNextMajorVersion;
				minimumVersion = 5.0.0;
			};
		};
		7F7B8FC92959080D0035D642 /* XCRemoteSwiftPackageReference "SwiftUIFlow" */ = {
			isa = XCRemoteSwiftPackageReference;
			repositoryURL = "https://github.com/ciaranrobrien/SwiftUIFlow";
			requirement = {
				branch = main;
				kind = branch;
			};
		};
/* End XCRemoteSwiftPackageReference section */

/* Begin XCSwiftPackageProductDependency section */
		7F473ABC29597A920053EDB9 /* SwiftUIPager */ = {
			isa = XCSwiftPackageProductDependency;
			package = 7F473ABB29597A920053EDB9 /* XCRemoteSwiftPackageReference "SwiftUIPager" */;
			productName = SwiftUIPager;
		};
		7F69A21629587D6E00070841 /* Alamofire */ = {
			isa = XCSwiftPackageProductDependency;
			package = 7F69A21529587D6E00070841 /* XCRemoteSwiftPackageReference "Alamofire" */;
			productName = Alamofire;
		};
		7F69A21C2958935100070841 /* SwiftyJSON */ = {
			isa = XCSwiftPackageProductDependency;
			package = 7F69A21B2958935100070841 /* XCRemoteSwiftPackageReference "SwiftyJSON" */;
			productName = SwiftyJSON;
		};
		7F7B8FCA2959080D0035D642 /* SwiftUIFlow */ = {
			isa = XCSwiftPackageProductDependency;
			package = 7F7B8FC92959080D0035D642 /* XCRemoteSwiftPackageReference "SwiftUIFlow" */;
			productName = SwiftUIFlow;
		};
/* End XCSwiftPackageProductDependency section */
	};
	rootObject = 7F7CA11629122DE800B9D18D /* Project object */;
}
